{
    "_meta": {
        "hash": {
            "sha256": "11b0b0974736a079f4a07d125622d928a708b8b57f0277f715d937bd39ddaf58"
        },
        "pipfile-spec": 6,
        "requires": {
            "python_version": "3.11"
        },
        "sources": [
            {
                "name": "pypi",
                "url": "https://pypi.org/simple",
                "verify_ssl": true
            }
        ]
    },
    "default": {
        "colorama": {
            "hashes": [
                "sha256:08695f5cb7ed6e0531a20572697297273c47b8cae5a63ffc6d6ed5c201be6e44",
                "sha256:4f1d9991f5acc0ca119f9d443620b77f9d6b33703e51011c16baf57afb285fc6"
            ],
            "markers": "python_version >= '2.7' and python_version not in '3.0, 3.1, 3.2, 3.3, 3.4, 3.5, 3.6'",
            "version": "==0.4.6"
        },
        "dill": {
            "hashes": [
                "sha256:76b122c08ef4ce2eedcd4d1abd8e641114bfc6c2867f49f3c41facf65bf19f5e",
                "sha256:cc1c8b182eb3013e24bd475ff2e9295af86c1a38eb1aff128dac8962a9ce3c03"
            ],
            "markers": "python_version >= '3.7'",
            "version": "==0.3.7"
        },
        "markdown-it-py": {
            "hashes": [
                "sha256:355216845c60bd96232cd8d8c40e8f9765cc86f46880e43a8fd22dc1a1a8cab1",
                "sha256:e3f60a94fa066dc52ec76661e37c851cb232d92f9886b15cb560aaada2df8feb"
            ],
            "markers": "python_version >= '3.8'",
            "version": "==3.0.0"
        },
        "mdurl": {
            "hashes": [
                "sha256:84008a41e51615a49fc9966191ff91509e3c40b939176e643fd50a5c2196b8f8",
                "sha256:bb413d29f5eea38f31dd4754dd7377d4465116fb207585f97bf925588687c1ba"
            ],
            "markers": "python_version >= '3.7'",
            "version": "==0.1.2"
        },
        "meshio": {
            "hashes": [
                "sha256:e240692d7ff279c12b13c6e5d7b403629a86ad2b44e9230958b3f00c1ec369f0",
                "sha256:fbd5a7b387fdea98f4d7fed1f154f4a52b7f2e1d619762a52b8ece3df1d8aa0d"
            ],
            "markers": "python_version >= '3.7'",
            "version": "==5.3.4"
        },
        "meshtaichi-patcher": {
            "hashes": [
                "sha256:18274552ca7f0b52c1a45c0315cbf17691e6095efd4247659a7db420a70f49b1",
                "sha256:2bcc5ee655ae9caaf862d6f466ed6c39373b1b7e21bc39e3a7ed6fc8614e54f8",
                "sha256:2f7d71d7944318ee485816190e3d3d959d92bad00bb81c37e29db640c7589f7f",
                "sha256:3529145643d80d03325c8a6a115dbed4183efcf92f58bd0f0b96062c30016fef",
                "sha256:4663ae738cb7a4a62c2e5dc13696b35ba9ee4be8361ca7273bf2019cce15e74c",
                "sha256:c1f15341e576694f33568a3ab420b291356a291c1aa9a47e15c9ae8667291bf1",
                "sha256:cb833e3f230d6ddf11a60263990d3d13f042edd8d0ad1b720758a9a379680cde",
                "sha256:cf7b56ee9838922517a9522f4847907e6c613af5b5ad0ad1780c565b2dd4e6d7"
            ],
            "index": "pypi",
            "version": "==0.0.19"
        },
        "numpy": {
            "hashes": [
                "sha256:06934e1a22c54636a059215d6da99e23286424f316fddd979f5071093b648668",
                "sha256:1c59c046c31a43310ad0199d6299e59f57a289e22f0f36951ced1c9eac3665b9",
                "sha256:1d1bd82d539607951cac963388534da3b7ea0e18b149a53cf883d8f699178c0f",
                "sha256:1e11668d6f756ca5ef534b5be8653d16c5352cbb210a5c2a79ff288e937010d5",
                "sha256:3649d566e2fc067597125428db15d60eb42a4e0897fc48d28cb75dc2e0454e53",
                "sha256:59227c981d43425ca5e5c01094d59eb14e8772ce6975d4b2fc1e106a833d5ae2",
                "sha256:6081aed64714a18c72b168a9276095ef9155dd7888b9e74b5987808f0dd0a974",
                "sha256:6965888d65d2848e8768824ca8288db0a81263c1efccec881cb35a0d805fcd2f",
                "sha256:76ff661a867d9272cd2a99eed002470f46dbe0943a5ffd140f49be84f68ffc42",
                "sha256:78ca54b2f9daffa5f323f34cdf21e1d9779a54073f0018a3094ab907938331a2",
                "sha256:82e871307a6331b5f09efda3c22e03c095d957f04bf6bc1804f30048d0e5e7af",
                "sha256:8ab9163ca8aeb7fd32fe93866490654d2f7dda4e61bc6297bf72ce07fdc02f67",
                "sha256:9696aa2e35cc41e398a6d42d147cf326f8f9d81befcb399bc1ed7ffea339b64e",
                "sha256:97e5d6a9f0702c2863aaabf19f0d1b6c2628fbe476438ce0b5ce06e83085064c",
                "sha256:9f42284ebf91bdf32fafac29d29d4c07e5e9d1af862ea73686581773ef9e73a7",
                "sha256:a03fb25610ef560a6201ff06df4f8105292ba56e7cdd196ea350d123fc32e24e",
                "sha256:a5b411040beead47a228bde3b2241100454a6abde9df139ed087bd73fc0a4908",
                "sha256:af22f3d8e228d84d1c0c44c1fbdeb80f97a15a0abe4f080960393a00db733b66",
                "sha256:afd5ced4e5a96dac6725daeb5242a35494243f2239244fad10a90ce58b071d24",
                "sha256:b9d45d1dbb9de84894cc50efece5b09939752a2d75aab3a8b0cef6f3a35ecd6b",
                "sha256:bb894accfd16b867d8643fc2ba6c8617c78ba2828051e9a69511644ce86ce83e",
                "sha256:c8c6c72d4a9f831f328efb1312642a1cafafaa88981d9ab76368d50d07d93cbe",
                "sha256:cd7837b2b734ca72959a1caf3309457a318c934abef7a43a14bb984e574bbb9a",
                "sha256:cdd9ec98f0063d93baeb01aad472a1a0840dee302842a2746a7a8e92968f9575",
                "sha256:d1cfc92db6af1fd37a7bb58e55c8383b4aa1ba23d012bdbba26b4bcca45ac297",
                "sha256:d1d2c6b7dd618c41e202c59c1413ef9b2c8e8a15f5039e344af64195459e3104",
                "sha256:d2984cb6caaf05294b8466966627e80bf6c7afd273279077679cb010acb0e5ab",
                "sha256:d58e8c51a7cf43090d124d5073bc29ab2755822181fcad978b12e144e5e5a4b3",
                "sha256:d78f269e0c4fd365fc2992c00353e4530d274ba68f15e968d8bc3c69ce5f5244",
                "sha256:dcfaf015b79d1f9f9c9fd0731a907407dc3e45769262d657d754c3a028586124",
                "sha256:e44ccb93f30c75dfc0c3aa3ce38f33486a75ec9abadabd4e59f114994a9c4617",
                "sha256:e509cbc488c735b43b5ffea175235cec24bbc57b227ef1acc691725beb230d1c"
            ],
            "index": "pypi",
            "version": "==1.26.1"
        },
        "pygments": {
            "hashes": [
                "sha256:13fc09fa63bc8d8671a6d247e1eb303c4b343eaee81d861f3404db2935653692",
                "sha256:1daff0494820c69bc8941e407aa20f577374ee88364ee10a98fdbe0aece96e29"
            ],
            "markers": "python_version >= '3.7'",
            "version": "==2.16.1"
        },
        "rich": {
            "hashes": [
                "sha256:2b38e2fe9ca72c9a00170a1a2d20c63c790d0e10ef1fe35eba76e1e7b1d7d245",
                "sha256:5c14d22737e6d5084ef4771b62d5d4363165b403455a30a1c8ca39dc7b644bef"
            ],
            "markers": "python_full_version >= '3.7.0'",
            "version": "==13.6.0"
        },
        "taichi": {
            "hashes": [
                "sha256:0fd4fa13ade70795ca6c516ee37f58158bda49eb692d5bb4f8bb53949152d0df",
                "sha256:1a17dedd30cbf7226ff97785bdc6a3e04e15649cced296ceb2d3a0e2f5c93548",
                "sha256:1c1bcc73c57d4a4674efd8dfaff53cd4fe7b8a256efe498e79644e3dc6d630c0",
                "sha256:2a5c5fe541373c2ac713f1df05db575f542357b9388198b842d4fede01274bb2",
                "sha256:2d5ad5a227f7c06366e1d3f1af5a0527367f71c3e18f453c0272cda6c2ef1fc7",
                "sha256:317290d22f3ebd557295ec5770213b712102d78a1145154cb1de1257a18ac94c",
                "sha256:4f725baee771587421132731c5a369e8b3c20081ff12f6363096645f47e06a30",
                "sha256:519726573209820aedeaac1e1ca562aff2d9e1c13ee2b9fefd48200938812cc7",
                "sha256:5862790a00b032691944c2e777033415c171908aea77c682d0dbeba0400b5a2a",
                "sha256:6190db2e09ea270cfe79cf8e55baed8dd293eaad40d908147c8ac415cafc5906",
                "sha256:67ba28f1664071bc69dc32824fe7a4c1b31f0381f489164b321265c652c8566d",
                "sha256:708bf92d12d7a4af4932e89bdcf6a5d9626d160b2f37722989100cb7e020e3c0",
                "sha256:77b55a61705b70eb5b8f185e65aa8feb9e2b478bb94251438f7a1b4a887440e5",
                "sha256:805a04fbf1d3a87f8019ad79f2a632c23fc58b76818495cda837208a7f3f36e3",
                "sha256:8c3a4ac8985e9bb1b10973e75399bef3cb3f08a5f75d43d48198004111c077d2",
                "sha256:8d2215fc78e3b264658ebeb53c08eafbcbe7e1875a92e9508acd83bd5370f87e",
                "sha256:91dd004687897a321cf0a0f36e09bf0e7d0b303b3b3e6c4bc698972b9b01eefb",
                "sha256:9f82e85b55c6842d2999be6dd112430b572635d98c92d8631a413688f61fbf49",
                "sha256:b7841b1a5660cf5d989ad5d562a3e59312722ed63598d4be16c21b87b9e9b019",
                "sha256:ce6f359c47b9c13b962f21671e6fe5194538f1c70057f5321d095ba11babe7c8",
                "sha256:d894aff54cb8dfdb86fdbcdca74178544fdddc147f3668423e8f5e3434ca8d3c",
                "sha256:de1d8210b0d796871f6b634c838aba33a37dbaad88284f2ab28dfea1be0d9f7d",
                "sha256:dfb15ddeab99039d5364e69448d599a57a43b3948561edf9bbba17c56e7d7bf1",
                "sha256:f9e312d0d92c6059a301804a6adc69264150ed78964ef2ddfd7473c1ea029908"
            ],
            "index": "pypi",
            "version": "==1.6.0"
        }
    },
    "develop": {}
}
